
Microsoft Visual Studio Solution File, Format Version 12.00
Project("{FAE04EC0-301F-11D3-BF4B-00C04F79EFBC}") = "AdministrationCall", "AdministrationCall\AdministrationCall.csproj", "{1BB975E4-850B-4885-A332-129940563702}"
EndProject
Global
	GlobalSection(SolutionConfigurationPlatforms) = preSolution
		Debug|Any CPU = Debug|Any CPU
		Release|Any CPU = Release|Any CPU
	EndGlobalSection
	GlobalSection(ProjectConfigurationPlatforms) = postSolution
		{1BB975E4-850B-4885-A332-129940563702}.Debug|Any CPU.ActiveCfg = Debug|Any CPU
		{1BB975E4-850B-4885-A332-129940563702}.Debug|Any CPU.Build.0 = Debug|Any CPU
		{1BB975E4-850B-4885-A332-129940563702}.Release|Any CPU.ActiveCfg = Release|Any CPU
		{1BB975E4-850B-4885-A332-129940563702}.Release|Any CPU.Build.0 = Release|Any CPU
	EndGlobalSection
EndGlobal
